
Microsoft Visual Studio Solution File, Format Version 12.00
# Visual Studio 15
VisualStudioVersion = 15.0.28307.168
MinimumVisualStudioVersion = 10.0.40219.1
Project("{FAE04EC0-301F-11D3-BF4B-00C04F79EFBC}") = "c0731902", "c0731902\c0731902.csproj", "{723BF3D0-8AAD-4866-8C84-4D100950B9BB}"
EndProject
Global
	GlobalSection(SolutionConfigurationPlatforms) = preSolution
		Debug|Any CPU = Debug|Any CPU
		Release|Any CPU = Release|Any CPU
	EndGlobalSection
	GlobalSection(ProjectConfigurationPlatforms) = postSolution
		{723BF3D0-8AAD-4866-8C84-4D100950B9BB}.Debug|Any CPU.ActiveCfg = Debug|Any CPU
		{723BF3D0-8AAD-4866-8C84-4D100950B9BB}.Debug|Any CPU.Build.0 = Debug|Any CPU
		{723BF3D0-8AAD-4866-8C84-4D100950B9BB}.Release|Any CPU.ActiveCfg = Release|Any CPU
		{723BF3D0-8AAD-4866-8C84-4D100950B9BB}.Release|Any CPU.Build.0 = Release|Any CPU
	EndGlobalSection
	GlobalSection(SolutionProperties) = preSolution
		HideSolutionNode = FALSE
	EndGlobalSection
	GlobalSection(ExtensibilityGlobals) = postSolution
		SolutionGuid = {3D9A6C7E-1DBC-4A90-B7C5-685467460673}
	EndGlobalSection
EndGlobal
